
Microsoft Visual Studio Solution File, Format Version 12.00
# Visual Studio Version 16
VisualStudioVersion = 16.0.31702.278
MinimumVisualStudioVersion = 10.0.40219.1
Project("{9A19103F-16F7-4668-BE54-9A1E7A4F7556}") = "AgreementMgtMVPSoftDemo.API", "AgreementMgtMVPSoftDemo.API\AgreementMgtMVPSoftDemo.API.csproj", "{66AB4F16-C3F3-46DE-9137-4FD591C90BB1}"
EndProject
Project("{9A19103F-16F7-4668-BE54-9A1E7A4F7556}") = "AgreementMgtMVPSoftDemo.DAL", "AgreementMgtMVPSoftDemo.DAL\AgreementMgtMVPSoftDemo.DAL.csproj", "{0F4A933B-88F9-4483-BB7D-DF47A00DBB9B}"
EndProject
Project("{9A19103F-16F7-4668-BE54-9A1E7A4F7556}") = "AgreementMgtMVPSoftDemo.Model", "AgreementMgtMVPSoftDemo.Model\AgreementMgtMVPSoftDemo.Model.csproj", "{E1F6536E-88D2-4893-A1EB-34C23A9DF664}"
EndProject
Project("{FAE04EC0-301F-11D3-BF4B-00C04F79EFBC}") = "AgreementMgtMVPSoftDemo.Web", "AgreementMgtMVPSoftDemo.Web\AgreementMgtMVPSoftDemo.Web.csproj", "{BBA79BBA-0329-4F05-AE9F-86B45F4D4DDB}"
EndProject
Global
	GlobalSection(SolutionConfigurationPlatforms) = preSolution
		Debug|Any CPU = Debug|Any CPU
		Release|Any CPU = Release|Any CPU
	EndGlobalSection
	GlobalSection(ProjectConfigurationPlatforms) = postSolution
		{66AB4F16-C3F3-46DE-9137-4FD591C90BB1}.Debug|Any CPU.ActiveCfg = Debug|Any CPU
		{66AB4F16-C3F3-46DE-9137-4FD591C90BB1}.Debug|Any CPU.Build.0 = Debug|Any CPU
		{66AB4F16-C3F3-46DE-9137-4FD591C90BB1}.Release|Any CPU.ActiveCfg = Release|Any CPU
		{66AB4F16-C3F3-46DE-9137-4FD591C90BB1}.Release|Any CPU.Build.0 = Release|Any CPU
		{0F4A933B-88F9-4483-BB7D-DF47A00DBB9B}.Debug|Any CPU.ActiveCfg = Debug|Any CPU
		{0F4A933B-88F9-4483-BB7D-DF47A00DBB9B}.Debug|Any CPU.Build.0 = Debug|Any CPU
		{0F4A933B-88F9-4483-BB7D-DF47A00DBB9B}.Release|Any CPU.ActiveCfg = Release|Any CPU
		{0F4A933B-88F9-4483-BB7D-DF47A00DBB9B}.Release|Any CPU.Build.0 = Release|Any CPU
		{E1F6536E-88D2-4893-A1EB-34C23A9DF664}.Debug|Any CPU.ActiveCfg = Debug|Any CPU
		{E1F6536E-88D2-4893-A1EB-34C23A9DF664}.Debug|Any CPU.Build.0 = Debug|Any CPU
		{E1F6536E-88D2-4893-A1EB-34C23A9DF664}.Release|Any CPU.ActiveCfg = Release|Any CPU
		{E1F6536E-88D2-4893-A1EB-34C23A9DF664}.Release|Any CPU.Build.0 = Release|Any CPU
		{BBA79BBA-0329-4F05-AE9F-86B45F4D4DDB}.Debug|Any CPU.ActiveCfg = Debug|Any CPU
		{BBA79BBA-0329-4F05-AE9F-86B45F4D4DDB}.Debug|Any CPU.Build.0 = Debug|Any CPU
		{BBA79BBA-0329-4F05-AE9F-86B45F4D4DDB}.Release|Any CPU.ActiveCfg = Release|Any CPU
		{BBA79BBA-0329-4F05-AE9F-86B45F4D4DDB}.Release|Any CPU.Build.0 = Release|Any CPU
	EndGlobalSection
	GlobalSection(SolutionProperties) = preSolution
		HideSolutionNode = FALSE
	EndGlobalSection
	GlobalSection(ExtensibilityGlobals) = postSolution
		SolutionGuid = {3568D9CF-CD1A-46B3-B253-87106CF26A53}
	EndGlobalSection
EndGlobal
